PODS:
  - Alamofire (5.0.5)
  - FloatRatingView (4.0)
  - Kingfisher (5.15.8):
    - Kingfisher/Core (= 5.15.8)
  - Kingfisher/Core (5.15.8)
  - lottie-ios (3.4.1)
  - MapboxCommon (23.0.0)
  - MapboxCoreMaps (10.8.0):
    - MapboxCommon (~> 23.0)
  - MapboxMaps (10.8.1):
    - MapboxCommon (= 23.0.0)
    - MapboxCoreMaps (= 10.8.0)
    - MapboxMobileEvents (= 1.0.8)
    - Turf (~> 2.0)
  - MapboxMobileEvents (1.0.8)
  - ObjectMapper (4.2.0)
  - Turf (2.5.0)
  - ViewAnimator (3.1.0)

DEPENDENCIES:
  - Alamofire (~> 5.0.0)
  - FloatRatingView
  - Kingfisher
  - lottie-ios
  - MapboxMaps (= 10.8.1)
  - ObjectMapper
  - ViewAnimator

SPEC REPOS:
  trunk:
    - Alamofire
    - FloatRatingView
    - Kingfisher
    - lottie-ios
    - MapboxCommon
    - MapboxCoreMaps
    - MapboxMaps
    - MapboxMobileEvents
    - ObjectMapper
    - Turf
    - ViewAnimator

SPEC CHECKSUMS:
  Alamofire: df2f8f826963b08b9a870791ad48e07a10090b2e
  FloatRatingView: bb6bdddfbeec51b1d387b4bd50abc27b4dfccd48
  Kingfisher: a3c03d702433fa6cfedabb2bddbe076fb8f2e902
  lottie-ios: 016449b5d8be0c3dcbcfa0a9988469999cd04c5d
  MapboxCommon: 3c82587e77a92aa34a6166b164dadb856be6975f
  MapboxCoreMaps: 1f45781e96f509d7f0d2134153725003ca84820c
  MapboxMaps: 44e631a7725518487442933bb56e7c4e736b9f95
  MapboxMobileEvents: febdd92835daa258ca1c1faad0821c0b3394ef40
  ObjectMapper: 1eb41f610210777375fa806bf161dc39fb832b81
  Turf: 8adf034c2963a0e587b979c51b5c12c396e29c44
  ViewAnimator: a9ceed80266e00fd435ec4fb99b2df64d580d0e4

PODFILE CHECKSUM: ff5f7d0d22b34206d9304d0ceb40bfd5325bc08c

COCOAPODS: 1.11.3
